{
  "requires": true,
  "lockfileVersion": 1,
  "dependencies": {
    "simple-modal-vue": {
      "version": "1.0.12",
      "resolved": "https://registry.npmjs.org/simple-modal-vue/-/simple-modal-vue-1.0.12.tgz",
      "integrity": "sha512-OHYahlgzxbNBxWkhKCBW69WaEu9NMCI0YylAM8fwuswdAnF5KBTmzeNh8XH7IS83FfxYO8ix8p8ca7zT04KKAg=="
    }
  }
}
